// !$*UTF8*$!
{
	archiveVersion = 1;
	classes = {
	};
	objectVersion = 50;
	objects = {

/* Begin PBXBuildFile section */
		9B52F2A3240DD32A00E0E6EE /* AppDelegate.swift in Sources */ = {isa = PBXBuildFile; fileRef = 9B52F2A2240DD32A00E0E6EE /* AppDelegate.swift */; };
		9B52F2A5240DD32A00E0E6EE /* SceneDelegate.swift in Sources */ = {isa = PBXBuildFile; fileRef = 9B52F2A4240DD32A00E0E6EE /* SceneDelegate.swift */; };
		9B52F2A7240DD32A00E0E6EE /* ViewController.swift in Sources */ = {isa = PBXBuildFile; fileRef = 9B52F2A6240DD32A00E0E6EE /* ViewController.swift */; };
		9B52F2AA240DD32A00E0E6EE /* Main.storyboard in Resources */ = {isa = PBXBuildFile; fileRef = 9B52F2A8240DD32A00E0E6EE /* Main.storyboard */; };
		9B52F2AC240DD32B00E0E6EE /* Assets.xcassets in Resources */ = {isa = PBXBuildFile; fileRef = 9B52F2AB240DD32B00E0E6EE /* Assets.xcassets */; };
		9B52F2AF240DD32B00E0E6EE /* LaunchScreen.storyboard in Resources */ = {isa = PBXBuildFile; fileRef = 9B52F2AD240DD32B00E0E6EE /* LaunchScreen.storyboard */; };
		9B52F2B9240DE17A00E0E6EE /* SecondViewController.swift in Sources */ = {isa = PBXBuildFile; fileRef = 9B52F2B8240DE17A00E0E6EE /* SecondViewController.swift */; };
		9B52F2C0240DEBE500E0E6EE /* ice cream.png in Resources */ = {isa = PBXBuildFile; fileRef = 9B52F2BB240DEBE400E0E6EE /* ice cream.png */; };
		9B52F2C1240DEBE500E0E6EE /* gorilla.png in Resources */ = {isa = PBXBuildFile; fileRef = 9B52F2BC240DEBE500E0E6EE /* gorilla.png */; };
		9B52F2C2240DEBE500E0E6EE /* elephant.png in Resources */ = {isa = PBXBuildFile; fileRef = 9B52F2BD240DEBE500E0E6EE /* elephant.png */; };
		9B52F2C3240DEBE500E0E6EE /* home.png in Resources */ = {isa = PBXBuildFile; fileRef = 9B52F2BE240DEBE500E0E6EE /* home.png */; };
		9B52F2C4240DEBE500E0E6EE /* lion.png in Resources */ = {isa = PBXBuildFile; fileRef = 9B52F2BF240DEBE500E0E6EE /* lion.png */; };
/* End PBXBuildFile section */

/* Begin PBXFileReference section */
		9B52F29F240DD32A00E0E6EE /* Day2iOSAlert.app */ = {isa = PBXFileReference; explicitFileType = wrapper.application; includeInIndex = 0; path = Day2iOSAlert.app; sourceTree = BUILT_PRODUCTS_DIR; };
		9B52F2A2240DD32A00E0E6EE /* AppDelegate.swift */ = {isa = PBXFileReference; lastKnownFileType = sourcecode.swift; path = AppDelegate.swift; sourceTree = "<group>"; };
		9B52F2A4240DD32A00E0E6EE /* SceneDelegate.swift */ = {isa = PBXFileReference; lastKnownFileType = sourcecode.swift; path = SceneDelegate.swift; sourceTree = "<group>"; };
		9B52F2A6240DD32A00E0E6EE /* ViewController.swift */ = {isa = PBXFileReference; lastKnownFileType = sourcecode.swift; path = ViewController.swift; sourceTree = "<group>"; };
		9B52F2A9240DD32A00E0E6EE /* Base */ = {isa = PBXFileReference; lastKnownFileType = file.storyboard; name = Base; path = Base.lproj/Main.storyboard; sourceTree = "<group>"; };
		9B52F2AB240DD32B00E0E6EE /* Assets.xcassets */ = {isa = PBXFileReference; lastKnownFileType = folder.assetcatalog; path = Assets.xcassets; sourceTree = "<group>"; };
		9B52F2AE240DD32B00E0E6EE /* Base */ = {isa = PBXFileReference; lastKnownFileType = file.storyboard; name = Base; path = Base.lproj/LaunchScreen.storyboard; sourceTree = "<group>"; };
		9B52F2B0240DD32B00E0E6EE /* Info.plist */ = {isa = PBXFileReference; lastKnownFileType = text.plist.xml; path = Info.plist; sourceTree = "<group>"; };
		9B52F2B8240DE17A00E0E6EE /* SecondViewController.swift */ = {isa = PBXFileReference; lastKnownFileType = sourcecode.swift; path = SecondViewController.swift; sourceTree = "<group>"; };
		9B52F2BB240DEBE400E0E6EE /* ice cream.png */ = {isa = PBXFileReference; lastKnownFileType = image.png; path = "ice cream.png"; sourceTree = "<group>"; };
		9B52F2BC240DEBE500E0E6EE /* gorilla.png */ = {isa = PBXFileReference; lastKnownFileType = image.png; path = gorilla.png; sourceTree = "<group>"; };
		9B52F2BD240DEBE500E0E6EE /* elephant.png */ = {isa = PBXFileReference; lastKnownFileType = image.png; path = elephant.png; sourceTree = "<group>"; };
		9B52F2BE240DEBE500E0E6EE /* home.png */ = {isa = PBXFileReference; lastKnownFileType = image.png; path = home.png; sourceTree = "<group>"; };
		9B52F2BF240DEBE500E0E6EE /* lion.png */ = {isa = PBXFileReference; lastKnownFileType = image.png; path = lion.png; sourceTree = "<group>"; };
/* End PBXFileReference section */

/* Begin PBXFrameworksBuildPhase section */
		9B52F29C240DD32A00E0E6EE /* Frameworks */ = {
			isa = PBXFrameworksBuildPhase;
			buildActionMask = 2147483647;
			files = (
			);
			runOnlyForDeploymentPostprocessing = 0;
		};
/* End PBXFrameworksBuildPhase section */

/* Begin PBXGroup section */
		9B52F296240DD32A00E0E6EE = {
			isa = PBXGroup;
			children = (
				9B52F2A1240DD32A00E0E6EE /* Day2iOSAlert */,
				9B52F2A0240DD32A00E0E6EE /* Products */,
			);
			sourceTree = "<group>";
		};
		9B52F2A0240DD32A00E0E6EE /* Products */ = {
			isa = PBXGroup;
			children = (
				9B52F29F240DD32A00E0E6EE /* Day2iOSAlert.app */,
			);
			name = Products;
			sourceTree = "<group>";
		};
		9B52F2A1240DD32A00E0E6EE /* Day2iOSAlert */ = {
			isa = PBXGroup;
			children = (
				9B52F2BA240DEB9C00E0E6EE /* Images */,
				9B52F2A2240DD32A00E0E6EE /* AppDelegate.swift */,
				9B52F2A4240DD32A00E0E6EE /* SceneDelegate.swift */,
				9B52F2A6240DD32A00E0E6EE /* ViewController.swift */,
				9B52F2A8240DD32A00E0E6EE /* Main.storyboard */,
				9B52F2AB240DD32B00E0E6EE /* Assets.xcassets */,
				9B52F2AD240DD32B00E0E6EE /* LaunchScreen.storyboard */,
				9B52F2B0240DD32B00E0E6EE /* Info.plist */,
				9B52F2B8240DE17A00E0E6EE /* SecondViewController.swift */,
			);
			path = Day2iOSAlert;
			sourceTree = "<group>";
		};
		9B52F2BA240DEB9C00E0E6EE /* Images */ = {
			isa = PBXGroup;
			children = (
				9B52F2BD240DEBE500E0E6EE /* elephant.png */,
				9B52F2BC240DEBE500E0E6EE /* gorilla.png */,
				9B52F2BE240DEBE500E0E6EE /* home.png */,
				9B52F2BB240DEBE400E0E6EE /* ice cream.png */,
				9B52F2BF240DEBE500E0E6EE /* lion.png */,
			);
			path = Images;
			sourceTree = "<group>";
		};
/* End PBXGroup section */

/* Begin PBXNativeTarget section */
		9B52F29E240DD32A00E0E6EE /* Day2iOSAlert */ = {
			isa = PBXNativeTarget;
			buildConfigurationList = 9B52F2B3240DD32B00E0E6EE /* Build configuration list for PBXNativeTarget "Day2iOSAlert" */;
			buildPhases = (
				9B52F29B240DD32A00E0E6EE /* Sources */,
				9B52F29C240DD32A00E0E6EE /* Frameworks */,
				9B52F29D240DD32A00E0E6EE /* Resources */,
			);
			buildRules = (
			);
			dependencies = (
			);
			name = Day2iOSAlert;
			productName = Day2iOSAlert;
			productReference = 9B52F29F240DD32A00E0E6EE /* Day2iOSAlert.app */;
			productType = "com.apple.product-type.application";
		};
/* End PBXNativeTarget section */

/* Begin PBXProject section */
		9B52F297240DD32A00E0E6EE /* Project object */ = {
			isa = PBXProject;
			attributes = {
				LastSwiftUpdateCheck = 1130;
				LastUpgradeCheck = 1130;
				ORGANIZATIONNAME = MacStudent;
				TargetAttributes = {
					9B52F29E240DD32A00E0E6EE = {
						CreatedOnToolsVersion = 11.3;
					};
				};
			};
			buildConfigurationList = 9B52F29A240DD32A00E0E6EE /* Build configuration list for PBXProject "Day2iOSAlert" */;
			compatibilityVersion = "Xcode 9.3";
			developmentRegion = en;
			hasScannedForEncodings = 0;
			knownRegions = (
				en,
				Base,
			);
			mainGroup = 9B52F296240DD32A00E0E6EE;
			productRefGroup = 9B52F2A0240DD32A00E0E6EE /* Products */;
			projectDirPath = "";
			projectRoot = "";
			targets = (
				9B52F29E240DD32A00E0E6EE /* Day2iOSAlert */,
			);
		};
/* End PBXProject section */

/* Begin PBXResourcesBuildPhase section */
		9B52F29D240DD32A00E0E6EE /* Resources */ = {
			isa = PBXResourcesBuildPhase;
			buildActionMask = 2147483647;
			files = (
				9B52F2C2240DEBE500E0E6EE /* elephant.png in Resources */,
				9B52F2AF240DD32B00E0E6EE /* LaunchScreen.storyboard in Resources */,
				9B52F2C3240DEBE500E0E6EE /* home.png in Resources */,
				9B52F2C0240DEBE500E0E6EE /* ice cream.png in Resources */,
				9B52F2AC240DD32B00E0E6EE /* Assets.xcassets in Resources */,
				9B52F2C4240DEBE500E0E6EE /* lion.png in Resources */,
				9B52F2C1240DEBE500E0E6EE /* gorilla.png in Resources */,
				9B52F2AA240DD32A00E0E6EE /* Main.storyboard in Resources */,
			);
			runOnlyForDeploymentPostprocessing = 0;
		};
/* End PBXResourcesBuildPhase section */

/* Begin PBXSourcesBuildPhase section */
		9B52F29B240DD32A00E0E6EE /* Sources */ = {
			isa = PBXSourcesBuildPhase;
			buildActionMask = 2147483647;
			files = (
				9B52F2B9240DE17A00E0E6EE /* SecondViewController.swift in Sources */,
				9B52F2A7240DD32A00E0E6EE /* ViewController.swift in Sources */,
				9B52F2A3240DD32A00E0E6EE /* AppDelegate.swift in Sources */,
				9B52F2A5240DD32A00E0E6EE /* SceneDelegate.swift in Sources */,
			);
			runOnlyForDeploymentPostprocessing = 0;
		};
/* End PBXSourcesBuildPhase section */

/* Begin PBXVariantGroup section */
		9B52F2A8240DD32A00E0E6EE /* Main.storyboard */ = {
			isa = PBXVariantGroup;
			children = (
				9B52F2A9240DD32A00E0E6EE /* Base */,
			);
			name = Main.storyboard;
			sourceTree = "<group>";
		};
		9B52F2AD240DD32B00E0E6EE /* LaunchScreen.storyboard */ = {
			isa = PBXVariantGroup;
			children = (
				9B52F2AE240DD32B00E0E6EE /* Base */,
			);
			name = LaunchScreen.storyboard;
			sourceTree = "<group>";
		};
/* End PBXVariantGroup section */

/* Begin XCBuildConfiguration section */
		9B52F2B1240DD32B00E0E6EE /* Debug */ = {
			isa = XCBuildConfiguration;
			buildSettings = {
				ALWAYS_SEARCH_USER_PATHS = NO;
				CLANG_ANALYZER_NONNULL = YES;
				CLANG_ANALYZER_NUMBER_OBJECT_CONVERSION = YES_AGGRESSIVE;
				CLANG_CXX_LANGUAGE_STANDARD = "gnu++14";
				CLANG_CXX_LIBRARY = "libc++";
				CLANG_ENABLE_MODULES = YES;
				CLANG_ENABLE_OBJC_ARC = YES;
				CLANG_ENABLE_OBJC_WEAK = YES;
				CLANG_WARN_BLOCK_CAPTURE_AUTORELEASING = YES;
				CLANG_WARN_BOOL_CONVERSION = YES;
				CLANG_WARN_COMMA = YES;
				CLANG_WARN_CONSTANT_CONVERSION = YES;
				CLANG_WARN_DEPRECATED_OBJC_IMPLEMENTATIONS = YES;
				CLANG_WARN_DIRECT_OBJC_ISA_USAGE = YES_ERROR;
				CLANG_WARN_DOCUMENTATION_COMMENTS = YES;
				CLANG_WARN_EMPTY_BODY = YES;
				CLANG_WARN_ENUM_CONVERSION = YES;
				CLANG_WARN_INFINITE_RECURSION = YES;
				CLANG_WARN_INT_CONVERSION = YES;
				CLANG_WARN_NON_LITERAL_NULL_CONVERSION = YES;
				CLANG_WARN_OBJC_IMPLICIT_RETAIN_SELF = YES;
				CLANG_WARN_OBJC_LITERAL_CONVERSION = YES;
				CLANG_WARN_OBJC_ROOT_CLASS = YES_ERROR;
				CLANG_WARN_RANGE_LOOP_ANALYSIS = YES;
				CLANG_WARN_STRICT_PROTOTYPES = YES;
				CLANG_WARN_SUSPICIOUS_MOVE = YES;
				CLANG_WARN_UNGUARDED_AVAILABILITY = YES_AGGRESSIVE;
				CLANG_WARN_UNREACHABLE_CODE = YES;
				CLANG_WARN__DUPLICATE_METHOD_MATCH = YES;
				COPY_PHASE_STRIP = NO;
				DEBUG_INFORMATION_FORMAT = dwarf;
				ENABLE_STRICT_OBJC_MSGSEND = YES;
				ENABLE_TESTABILITY = YES;
				GCC_C_LANGUAGE_STANDARD = gnu11;
				GCC_DYNAMIC_NO_PIC = NO;
				GCC_NO_COMMON_BLOCKS = YES;
				GCC_OPTIMIZATION_LEVEL = 0;
				GCC_PREPROCESSOR_DEFINITIONS = (
					"DEBUG=1",
					"$(inherited)",
				);
				GCC_WARN_64_TO_32_BIT_CONVERSION = YES;
				GCC_WARN_ABOUT_RETURN_TYPE = YES_ERROR;
				GCC_WARN_UNDECLARED_SELECTOR = YES;
				GCC_WARN_UNINITIALIZED_AUTOS = YES_AGGRESSIVE;
				GCC_WARN_UNUSED_FUNCTION = YES;
				GCC_WARN_UNUSED_VARIABLE = YES;
				IPHONEOS_DEPLOYMENT_TARGET = 13.2;
				MTL_ENABLE_DEBUG_INFO = INCLUDE_SOURCE;
				MTL_FAST_MATH = YES;
				ONLY_ACTIVE_ARCH = YES;
				SDKROOT = iphoneos;
				SWIFT_ACTIVE_COMPILATION_CONDITIONS = DEBUG;
				SWIFT_OPTIMIZATION_LEVEL = "-Onone";
			};
			name = Debug;
		};
		9B52F2B2240DD32B00E0E6EE /* Release */ = {
			isa = XCBuildConfiguration;
			buildSettings = {
				ALWAYS_SEARCH_USER_PATHS = NO;
				CLANG_ANALYZER_NONNULL = YES;
				CLANG_ANALYZER_NUMBER_OBJECT_CONVERSION = YES_AGGRESSIVE;
				CLANG_CXX_LANGUAGE_STANDARD = "gnu++14";
				CLANG_CXX_LIBRARY = "libc++";
				CLANG_ENABLE_MODULES = YES;
				CLANG_ENABLE_OBJC_ARC = YES;
				CLANG_ENABLE_OBJC_WEAK = YES;
				CLANG_WARN_BLOCK_CAPTURE_AUTORELEASING = YES;
				CLANG_WARN_BOOL_CONVERSION = YES;
				CLANG_WARN_COMMA = YES;
				CLANG_WARN_CONSTANT_CONVERSION = YES;
				CLANG_WARN_DEPRECATED_OBJC_IMPLEMENTATIONS = YES;
				CLANG_WARN_DIRECT_OBJC_ISA_USAGE = YES_ERROR;
				CLANG_WARN_DOCUMENTATION_COMMENTS = YES;
				CLANG_WARN_EMPTY_BODY = YES;
				CLANG_WARN_ENUM_CONVERSION = YES;
				CLANG_WARN_INFINITE_RECURSION = YES;
				CLANG_WARN_INT_CONVERSION = YES;
				CLANG_WARN_NON_LITERAL_NULL_CONVERSION = YES;
				CLANG_WARN_OBJC_IMPLICIT_RETAIN_SELF = YES;
				CLANG_WARN_OBJC_LITERAL_CONVERSION = YES;
				CLANG_WARN_OBJC_ROOT_CLASS = YES_ERROR;
				CLANG_WARN_RANGE_LOOP_ANALYSIS = YES;
				CLANG_WARN_STRICT_PROTOTYPES = YES;
				CLANG_WARN_SUSPICIOUS_MOVE = YES;
				CLANG_WARN_UNGUARDED_AVAILABILITY = YES_AGGRESSIVE;
				CLANG_WARN_UNREACHABLE_CODE = YES;
				CLANG_WARN__DUPLICATE_METHOD_MATCH = YES;
				COPY_PHASE_STRIP = NO;
				DEBUG_INFORMATION_FORMAT = "dwarf-with-dsym";
				ENABLE_NS_ASSERTIONS = NO;
				ENABLE_STRICT_OBJC_MSGSEND = YES;
				GCC_C_LANGUAGE_STANDARD = gnu11;
				GCC_NO_COMMON_BLOCKS = YES;
				GCC_WARN_64_TO_32_BIT_CONVERSION = YES;
				GCC_WARN_ABOUT_RETURN_TYPE = YES_ERROR;
				GCC_WARN_UNDECLARED_SELECTOR = YES;
				GCC_WARN_UNINITIALIZED_AUTOS = YES_AGGRESSIVE;
				GCC_WARN_UNUSED_FUNCTION = YES;
				GCC_WARN_UNUSED_VARIABLE = YES;
				IPHONEOS_DEPLOYMENT_TARGET = 13.2;
				MTL_ENABLE_DEBUG_INFO = NO;
				MTL_FAST_MATH = YES;
				SDKROOT = iphoneos;
				SWIFT_COMPILATION_MODE = wholemodule;
				SWIFT_OPTIMIZATION_LEVEL = "-O";
				VALIDATE_PRODUCT = YES;
			};
			name = Release;
		};
		9B52F2B4240DD32B00E0E6EE /* Debug */ = {
			isa = XCBuildConfiguration;
			buildSettings = {
				ASSETCATALOG_COMPILER_APPICON_NAME = AppIcon;
				CODE_SIGN_STYLE = Automatic;
				INFOPLIST_FILE = Day2iOSAlert/Info.plist;
				LD_RUNPATH_SEARCH_PATHS = (
					"$(inherited)",
					"@executable_path/Frameworks",
				);
				PRODUCT_BUNDLE_IDENTIFIER = CestarCollege.Day2iOSAlert;
				PRODUCT_NAME = "$(TARGET_NAME)";
				SWIFT_VERSION = 5.0;
				TARGETED_DEVICE_FAMILY = "1,2";
			};
			name = Debug;
		};
		9B52F2B5240DD32B00E0E6EE /* Release */ = {
			isa = XCBuildConfiguration;
			buildSettings = {
				ASSETCATALOG_COMPILER_APPICON_NAME = AppIcon;
				CODE_SIGN_STYLE = Automatic;
				INFOPLIST_FILE = Day2iOSAlert/Info.plist;
				LD_RUNPATH_SEARCH_PATHS = (
					"$(inherited)",
					"@executable_path/Frameworks",
				);
				PRODUCT_BUNDLE_IDENTIFIER = CestarCollege.Day2iOSAlert;
				PRODUCT_NAME = "$(TARGET_NAME)";
				SWIFT_VERSION = 5.0;
				TARGETED_DEVICE_FAMILY = "1,2";
			};
			name = Release;
		};
/* End XCBuildConfiguration section */

/* Begin XCConfigurationList section */
		9B52F29A240DD32A00E0E6EE /* Build configuration list for PBXProject "Day2iOSAlert" */ = {
			isa = XCConfigurationList;
			buildConfigurations = (
				9B52F2B1240DD32B00E0E6EE /* Debug */,
				9B52F2B2240DD32B00E0E6EE /* Release */,
			);
			defaultConfigurationIsVisible = 0;
			defaultConfigurationName = Release;
		};
		9B52F2B3240DD32B00E0E6EE /* Build configuration list for PBXNativeTarget "Day2iOSAlert" */ = {
			isa = XCConfigurationList;
			buildConfigurations = (
				9B52F2B4240DD32B00E0E6EE /* Debug */,
				9B52F2B5240DD32B00E0E6EE /* Release */,
			);
			defaultConfigurationIsVisible = 0;
			defaultConfigurationName = Release;
		};
/* End XCConfigurationList section */
	};
	rootObject = 9B52F297240DD32A00E0E6EE /* Project object */;
}
